{
  "name": "standalone-hls-video-player",
  "version": "1.0.0",
  "lockfileVersion": 1,
  "requires": true,
  "dependencies": {
    "hls.js": {
      "version": "1.6.17",
      "resolved": "https://registry.npmjs.org/hls.js/-/hls.js-1.6.17.tgz",
      "integrity": "sha512-NUplVGVuc1hSPwdB/9/cbRkUmLrYi75/hqiXKdA+l300pJNxDu96R7jRb2imDzWJqIUF4I5ThmAdp9GvOCXsuQ=="
    }
  }
}
